# This file is automatically @generated by Cargo.
# It is not intended for manual editing.
version = 4

[[package]]
name = "market-data-core"
version = "0.1.0"

[[package]]
name = "market-data-infrastructure"
version = "0.1.0"
dependencies = [
 "market-data-core",
]

[[package]]
name = "market-intelligence-app"
version = "0.1.0"
dependencies = [
 "market-data-core",
 "market-data-infrastructure",
 "persistence-core",
 "scenario-core",
]

[[package]]
name = "persistence-core"
version = "0.1.0"
dependencies = [
 "market-data-core",
 "scenario-core",
]

[[package]]
name = "scenario-core"
version = "0.1.0"
dependencies = [
 "market-data-core",
]
